// !$*UTF8*$!
{
	archiveVersion = 1;
	classes = {
	};
	objectVersion = 55;
	objects = {

/* Begin PBXBuildFile section */
		119C7B8F2781EFF60000630F /* StateFactory.swift in Sources */ = {isa = PBXBuildFile; fileRef = 119C7B8E2781EFF60000630F /* StateFactory.swift */; };
		119C7B912781F1250000630F /* CityFactory.swift in Sources */ = {isa = PBXBuildFile; fileRef = 119C7B902781F1250000630F /* CityFactory.swift */; };
		119C7B932781FA7C0000630F /* State.swift in Sources */ = {isa = PBXBuildFile; fileRef = 119C7B922781FA7C0000630F /* State.swift */; };
		119C7B952781FAC80000630F /* City.swift in Sources */ = {isa = PBXBuildFile; fileRef = 119C7B942781FAC80000630F /* City.swift */; };
		119C7B972781FBA40000630F /* CitiesProcedureGroup.swift in Sources */ = {isa = PBXBuildFile; fileRef = 119C7B962781FBA40000630F /* CitiesProcedureGroup.swift */; };
		119C7B9A2781FBEF0000630F /* StateProcedure.swift in Sources */ = {isa = PBXBuildFile; fileRef = 119C7B992781FBEF0000630F /* StateProcedure.swift */; };
		119C7B9D2781FC8E0000630F /* CitiesViewController.swift in Sources */ = {isa = PBXBuildFile; fileRef = 119C7B9B2781FC8E0000630F /* CitiesViewController.swift */; };
		119C7B9E2781FC8E0000630F /* CitiesViewController.xib in Resources */ = {isa = PBXBuildFile; fileRef = 119C7B9C2781FC8E0000630F /* CitiesViewController.xib */; };
		119C7BA12781FD820000630F /* CitiesViewModel.swift in Sources */ = {isa = PBXBuildFile; fileRef = 119C7BA02781FD820000630F /* CitiesViewModel.swift */; };
		119C7BAB278205380000630F /* CityTableViewCell.swift in Sources */ = {isa = PBXBuildFile; fileRef = 119C7BA9278205380000630F /* CityTableViewCell.swift */; };
		119C7BAC278205380000630F /* CityTableViewCell.xib in Resources */ = {isa = PBXBuildFile; fileRef = 119C7BAA278205380000630F /* CityTableViewCell.xib */; };
		11AABC94277DBA070050DF79 /* AppDelegate.swift in Sources */ = {isa = PBXBuildFile; fileRef = 11AABC93277DBA070050DF79 /* AppDelegate.swift */; };
		11AABC96277DBA070050DF79 /* SceneDelegate.swift in Sources */ = {isa = PBXBuildFile; fileRef = 11AABC95277DBA070050DF79 /* SceneDelegate.swift */; };
		11AABC9D277DBA0A0050DF79 /* Assets.xcassets in Resources */ = {isa = PBXBuildFile; fileRef = 11AABC9C277DBA0A0050DF79 /* Assets.xcassets */; };
		11AABCA0277DBA0A0050DF79 /* LaunchScreen.storyboard in Resources */ = {isa = PBXBuildFile; fileRef = 11AABC9E277DBA0A0050DF79 /* LaunchScreen.storyboard */; };
		11AABCA9277DC43E0050DF79 /* ProcedureKit in Frameworks */ = {isa = PBXBuildFile; productRef = 11AABCA8277DC43E0050DF79 /* ProcedureKit */; };
		11AABCAB277DC43E0050DF79 /* ProcedureKitNetwork in Frameworks */ = {isa = PBXBuildFile; productRef = 11AABCAA277DC43E0050DF79 /* ProcedureKitNetwork */; };
		11BD64BE27819D5400D8C9E8 /* CountriesViewController.swift in Sources */ = {isa = PBXBuildFile; fileRef = 11BD64BC27819D5400D8C9E8 /* CountriesViewController.swift */; };
		11BD64BF27819D5400D8C9E8 /* CountriesViewController.xib in Resources */ = {isa = PBXBuildFile; fileRef = 11BD64BD27819D5400D8C9E8 /* CountriesViewController.xib */; };
		11BD64C32781A01000D8C9E8 /* NetworkService.swift in Sources */ = {isa = PBXBuildFile; fileRef = 11BD64C22781A01000D8C9E8 /* NetworkService.swift */; };
		11BD64C72781A04000D8C9E8 /* Alamofire in Frameworks */ = {isa = PBXBuildFile; productRef = 11BD64C62781A04000D8C9E8 /* Alamofire */; };
		11BD64C92781A7FE00D8C9E8 /* AuthProcedure.swift in Sources */ = {isa = PBXBuildFile; fileRef = 11BD64C82781A7FE00D8C9E8 /* AuthProcedure.swift */; };
		11BD64CC2781AE6000D8C9E8 /* CountriesProcedure.swift in Sources */ = {isa = PBXBuildFile; fileRef = 11BD64CB2781AE6000D8C9E8 /* CountriesProcedure.swift */; };
		11BD64CE2781C48600D8C9E8 /* Country.swift in Sources */ = {isa = PBXBuildFile; fileRef = 11BD64CD2781C48600D8C9E8 /* Country.swift */; };
		11BD64D12781C55900D8C9E8 /* CountryFactory.swift in Sources */ = {isa = PBXBuildFile; fileRef = 11BD64D02781C55900D8C9E8 /* CountryFactory.swift */; };
		11BD64D52781CBAB00D8C9E8 /* Reusable in Frameworks */ = {isa = PBXBuildFile; productRef = 11BD64D42781CBAB00D8C9E8 /* Reusable */; };
		11BD64D72781CCB500D8C9E8 /* CountryViewModel.swift in Sources */ = {isa = PBXBuildFile; fileRef = 11BD64D62781CCB500D8C9E8 /* CountryViewModel.swift */; };
		11BD64D92781CEDE00D8C9E8 /* Coordinator.swift in Sources */ = {isa = PBXBuildFile; fileRef = 11BD64D82781CEDE00D8C9E8 /* Coordinator.swift */; };
		11BD64E22781D6C300D8C9E8 /* CountryTableViewCell.swift in Sources */ = {isa = PBXBuildFile; fileRef = 11BD64E02781D6C300D8C9E8 /* CountryTableViewCell.swift */; };
		11BD64E32781D6C300D8C9E8 /* CountryTableViewCell.xib in Resources */ = {isa = PBXBuildFile; fileRef = 11BD64E12781D6C300D8C9E8 /* CountryTableViewCell.xib */; };
		11BD64E52781DC1300D8C9E8 /* UIViewController + Alert.swift in Sources */ = {isa = PBXBuildFile; fileRef = 11BD64E42781DC1300D8C9E8 /* UIViewController + Alert.swift */; };
		11BD64E82781E02E00D8C9E8 /* CitiesProcedure.swift in Sources */ = {isa = PBXBuildFile; fileRef = 11BD64E72781E02E00D8C9E8 /* CitiesProcedure.swift */; };
/* End PBXBuildFile section */

/* Begin PBXFileReference section */
		119C7B8E2781EFF60000630F /* StateFactory.swift */ = {isa = PBXFileReference; lastKnownFileType = sourcecode.swift; path = StateFactory.swift; sourceTree = "<group>"; };
		119C7B902781F1250000630F /* CityFactory.swift */ = {isa = PBXFileReference; lastKnownFileType = sourcecode.swift; path = CityFactory.swift; sourceTree = "<group>"; };
		119C7B922781FA7C0000630F /* State.swift */ = {isa = PBXFileReference; lastKnownFileType = sourcecode.swift; path = State.swift; sourceTree = "<group>"; };
		119C7B942781FAC80000630F /* City.swift */ = {isa = PBXFileReference; lastKnownFileType = sourcecode.swift; path = City.swift; sourceTree = "<group>"; };
		119C7B962781FBA40000630F /* CitiesProcedureGroup.swift */ = {isa = PBXFileReference; lastKnownFileType = sourcecode.swift; path = CitiesProcedureGroup.swift; sourceTree = "<group>"; };
		119C7B992781FBEF0000630F /* StateProcedure.swift */ = {isa = PBXFileReference; lastKnownFileType = sourcecode.swift; path = StateProcedure.swift; sourceTree = "<group>"; };
		119C7B9B2781FC8E0000630F /* CitiesViewController.swift */ = {isa = PBXFileReference; lastKnownFileType = sourcecode.swift; path = CitiesViewController.swift; sourceTree = "<group>"; };
		119C7B9C2781FC8E0000630F /* CitiesViewController.xib */ = {isa = PBXFileReference; lastKnownFileType = file.xib; path = CitiesViewController.xib; sourceTree = "<group>"; };
		119C7BA02781FD820000630F /* CitiesViewModel.swift */ = {isa = PBXFileReference; lastKnownFileType = sourcecode.swift; path = CitiesViewModel.swift; sourceTree = "<group>"; };
		119C7BA9278205380000630F /* CityTableViewCell.swift */ = {isa = PBXFileReference; lastKnownFileType = sourcecode.swift; path = CityTableViewCell.swift; sourceTree = "<group>"; };
		119C7BAA278205380000630F /* CityTableViewCell.xib */ = {isa = PBXFileReference; lastKnownFileType = file.xib; path = CityTableViewCell.xib; sourceTree = "<group>"; };
		11AABC90277DBA070050DF79 /* ProcedureDemo.app */ = {isa = PBXFileReference; explicitFileType = wrapper.application; includeInIndex = 0; path = ProcedureDemo.app; sourceTree = BUILT_PRODUCTS_DIR; };
		11AABC93277DBA070050DF79 /* AppDelegate.swift */ = {isa = PBXFileReference; lastKnownFileType = sourcecode.swift; path = AppDelegate.swift; sourceTree = "<group>"; };
		11AABC95277DBA070050DF79 /* SceneDelegate.swift */ = {isa = PBXFileReference; lastKnownFileType = sourcecode.swift; path = SceneDelegate.swift; sourceTree = "<group>"; };
		11AABC9C277DBA0A0050DF79 /* Assets.xcassets */ = {isa = PBXFileReference; lastKnownFileType = folder.assetcatalog; path = Assets.xcassets; sourceTree = "<group>"; };
		11AABC9F277DBA0A0050DF79 /* Base */ = {isa = PBXFileReference; lastKnownFileType = file.storyboard; name = Base; path = Base.lproj/LaunchScreen.storyboard; sourceTree = "<group>"; };
		11AABCA1277DBA0A0050DF79 /* Info.plist */ = {isa = PBXFileReference; lastKnownFileType = text.plist.xml; path = Info.plist; sourceTree = "<group>"; };
		11BD64BC27819D5400D8C9E8 /* CountriesViewController.swift */ = {isa = PBXFileReference; lastKnownFileType = sourcecode.swift; path = CountriesViewController.swift; sourceTree = "<group>"; };
		11BD64BD27819D5400D8C9E8 /* CountriesViewController.xib */ = {isa = PBXFileReference; lastKnownFileType = file.xib; path = CountriesViewController.xib; sourceTree = "<group>"; };
		11BD64C22781A01000D8C9E8 /* NetworkService.swift */ = {isa = PBXFileReference; lastKnownFileType = sourcecode.swift; path = NetworkService.swift; sourceTree = "<group>"; };
		11BD64C82781A7FE00D8C9E8 /* AuthProcedure.swift */ = {isa = PBXFileReference; lastKnownFileType = sourcecode.swift; path = AuthProcedure.swift; sourceTree = "<group>"; };
		11BD64CB2781AE6000D8C9E8 /* CountriesProcedure.swift */ = {isa = PBXFileReference; lastKnownFileType = sourcecode.swift; path = CountriesProcedure.swift; sourceTree = "<group>"; };
		11BD64CD2781C48600D8C9E8 /* Country.swift */ = {isa = PBXFileReference; lastKnownFileType = sourcecode.swift; path = Country.swift; sourceTree = "<group>"; };
		11BD64D02781C55900D8C9E8 /* CountryFactory.swift */ = {isa = PBXFileReference; lastKnownFileType = sourcecode.swift; path = CountryFactory.swift; sourceTree = "<group>"; };
		11BD64D62781CCB500D8C9E8 /* CountryViewModel.swift */ = {isa = PBXFileReference; lastKnownFileType = sourcecode.swift; path = CountryViewModel.swift; sourceTree = "<group>"; };
		11BD64D82781CEDE00D8C9E8 /* Coordinator.swift */ = {isa = PBXFileReference; lastKnownFileType = sourcecode.swift; path = Coordinator.swift; sourceTree = "<group>"; };
		11BD64E02781D6C300D8C9E8 /* CountryTableViewCell.swift */ = {isa = PBXFileReference; lastKnownFileType = sourcecode.swift; path = CountryTableViewCell.swift; sourceTree = "<group>"; };
		11BD64E12781D6C300D8C9E8 /* CountryTableViewCell.xib */ = {isa = PBXFileReference; lastKnownFileType = file.xib; path = CountryTableViewCell.xib; sourceTree = "<group>"; };
		11BD64E42781DC1300D8C9E8 /* UIViewController + Alert.swift */ = {isa = PBXFileReference; lastKnownFileType = sourcecode.swift; path = "UIViewController + Alert.swift"; sourceTree = "<group>"; };
		11BD64E72781E02E00D8C9E8 /* CitiesProcedure.swift */ = {isa = PBXFileReference; lastKnownFileType = sourcecode.swift; path = CitiesProcedure.swift; sourceTree = "<group>"; };
/* End PBXFileReference section */

/* Begin PBXFrameworksBuildPhase section */
		11AABC8D277DBA070050DF79 /* Frameworks */ = {
			isa = PBXFrameworksBuildPhase;
			buildActionMask = 2147483647;
			files = (
				11BD64C72781A04000D8C9E8 /* Alamofire in Frameworks */,
				11AABCAB277DC43E0050DF79 /* ProcedureKitNetwork in Frameworks */,
				11AABCA9277DC43E0050DF79 /* ProcedureKit in Frameworks */,
				11BD64D52781CBAB00D8C9E8 /* Reusable in Frameworks */,
			);
			runOnlyForDeploymentPostprocessing = 0;
		};
/* End PBXFrameworksBuildPhase section */

/* Begin PBXGroup section */
		119C7B982781FBBE0000630F /* CitiesProcedure */ = {
			isa = PBXGroup;
			children = (
				119C7B962781FBA40000630F /* CitiesProcedureGroup.swift */,
				11BD64E72781E02E00D8C9E8 /* CitiesProcedure.swift */,
				119C7B992781FBEF0000630F /* StateProcedure.swift */,
			);
			path = CitiesProcedure;
			sourceTree = "<group>";
		};
		119C7B9F2781FC930000630F /* CitiesScreen */ = {
			isa = PBXGroup;
			children = (
				119C7BA02781FD820000630F /* CitiesViewModel.swift */,
				119C7B9B2781FC8E0000630F /* CitiesViewController.swift */,
				119C7B9C2781FC8E0000630F /* CitiesViewController.xib */,
				119C7BA6278205040000630F /* Cell */,
			);
			path = CitiesScreen;
			sourceTree = "<group>";
		};
		119C7BA6278205040000630F /* Cell */ = {
			isa = PBXGroup;
			children = (
				119C7BA9278205380000630F /* CityTableViewCell.swift */,
				119C7BAA278205380000630F /* CityTableViewCell.xib */,
			);
			path = Cell;
			sourceTree = "<group>";
		};
		11AABC87277DBA070050DF79 = {
			isa = PBXGroup;
			children = (
				11AABC92277DBA070050DF79 /* ProcedureDemo */,
				11AABC91277DBA070050DF79 /* Products */,
			);
			sourceTree = "<group>";
		};
		11AABC91277DBA070050DF79 /* Products */ = {
			isa = PBXGroup;
			children = (
				11AABC90277DBA070050DF79 /* ProcedureDemo.app */,
			);
			name = Products;
			sourceTree = "<group>";
		};
		11AABC92277DBA070050DF79 /* ProcedureDemo */ = {
			isa = PBXGroup;
			children = (
				11BD64C42781A01400D8C9E8 /* Services */,
				11BD64CF2781C48900D8C9E8 /* Models */,
				11BD64C127819D7000D8C9E8 /* Screens */,
				11BD64BB27819D2700D8C9E8 /* Utilites */,
				11AABCA1277DBA0A0050DF79 /* Info.plist */,
			);
			path = ProcedureDemo;
			sourceTree = "<group>";
		};
		11BD64B927819CE700D8C9E8 /* AppDelegates */ = {
			isa = PBXGroup;
			children = (
				11AABC93277DBA070050DF79 /* AppDelegate.swift */,
				11AABC95277DBA070050DF79 /* SceneDelegate.swift */,
			);
			path = AppDelegates;
			sourceTree = "<group>";
		};
		11BD64BA27819D1900D8C9E8 /* Materials */ = {
			isa = PBXGroup;
			children = (
				11AABC9C277DBA0A0050DF79 /* Assets.xcassets */,
				11AABC9E277DBA0A0050DF79 /* LaunchScreen.storyboard */,
			);
			path = Materials;
			sourceTree = "<group>";
		};
		11BD64BB27819D2700D8C9E8 /* Utilites */ = {
			isa = PBXGroup;
			children = (
				11BD64B927819CE700D8C9E8 /* AppDelegates */,
				11BD64BA27819D1900D8C9E8 /* Materials */,
				11E305BE2782FA27006B32E6 /* Extensions */,
			);
			path = Utilites;
			sourceTree = "<group>";
		};
		11BD64C027819D6200D8C9E8 /* CountriesScreen */ = {
			isa = PBXGroup;
			children = (
				11BD64D62781CCB500D8C9E8 /* CountryViewModel.swift */,
				11BD64BC27819D5400D8C9E8 /* CountriesViewController.swift */,
				11BD64BD27819D5400D8C9E8 /* CountriesViewController.xib */,
				11BD64DF2781D19B00D8C9E8 /* Cell */,
			);
			path = CountriesScreen;
			sourceTree = "<group>";
		};
		11BD64C127819D7000D8C9E8 /* Screens */ = {
			isa = PBXGroup;
			children = (
				11BD64C027819D6200D8C9E8 /* CountriesScreen */,
				119C7B9F2781FC930000630F /* CitiesScreen */,
			);
			path = Screens;
			sourceTree = "<group>";
		};
		11BD64C42781A01400D8C9E8 /* Services */ = {
			isa = PBXGroup;
			children = (
				11BD64DA2781CEE400D8C9E8 /* Coordinator */,
				11BD64CA2781AE3300D8C9E8 /* Network */,
				11BD64D22781C55D00D8C9E8 /* Factory */,
			);
			path = Services;
			sourceTree = "<group>";
		};
		11BD64CA2781AE3300D8C9E8 /* Network */ = {
			isa = PBXGroup;
			children = (
				11BD64C22781A01000D8C9E8 /* NetworkService.swift */,
				11BD64E62781DFDE00D8C9E8 /* Procedures */,
			);
			path = Network;
			sourceTree = "<group>";
		};
		11BD64CF2781C48900D8C9E8 /* Models */ = {
			isa = PBXGroup;
			children = (
				11BD64CD2781C48600D8C9E8 /* Country.swift */,
				119C7B922781FA7C0000630F /* State.swift */,
				119C7B942781FAC80000630F /* City.swift */,
			);
			path = Models;
			sourceTree = "<group>";
		};
		11BD64D22781C55D00D8C9E8 /* Factory */ = {
			isa = PBXGroup;
			children = (
				11BD64D02781C55900D8C9E8 /* CountryFactory.swift */,
				119C7B8E2781EFF60000630F /* StateFactory.swift */,
				119C7B902781F1250000630F /* CityFactory.swift */,
			);
			path = Factory;
			sourceTree = "<group>";
		};
		11BD64DA2781CEE400D8C9E8 /* Coordinator */ = {
			isa = PBXGroup;
			children = (
				11BD64D82781CEDE00D8C9E8 /* Coordinator.swift */,
			);
			path = Coordinator;
			sourceTree = "<group>";
		};
		11BD64DF2781D19B00D8C9E8 /* Cell */ = {
			isa = PBXGroup;
			children = (
				11BD64E02781D6C300D8C9E8 /* CountryTableViewCell.swift */,
				11BD64E12781D6C300D8C9E8 /* CountryTableViewCell.xib */,
			);
			path = Cell;
			sourceTree = "<group>";
		};
		11BD64E62781DFDE00D8C9E8 /* Procedures */ = {
			isa = PBXGroup;
			children = (
				11BD64C82781A7FE00D8C9E8 /* AuthProcedure.swift */,
				11BD64CB2781AE6000D8C9E8 /* CountriesProcedure.swift */,
				119C7B982781FBBE0000630F /* CitiesProcedure */,
			);
			path = Procedures;
			sourceTree = "<group>";
		};
		11E305BE2782FA27006B32E6 /* Extensions */ = {
			isa = PBXGroup;
			children = (
				11BD64E42781DC1300D8C9E8 /* UIViewController + Alert.swift */,
			);
			path = Extensions;
			sourceTree = "<group>";
		};
/* End PBXGroup section */

/* Begin PBXNativeTarget section */
		11AABC8F277DBA070050DF79 /* ProcedureDemo */ = {
			isa = PBXNativeTarget;
			buildConfigurationList = 11AABCA4277DBA0A0050DF79 /* Build configuration list for PBXNativeTarget "ProcedureDemo" */;
			buildPhases = (
				11AABC8C277DBA070050DF79 /* Sources */,
				11AABC8D277DBA070050DF79 /* Frameworks */,
				11AABC8E277DBA070050DF79 /* Resources */,
			);
			buildRules = (
			);
			dependencies = (
			);
			name = ProcedureDemo;
			packageProductDependencies = (
				11AABCA8277DC43E0050DF79 /* ProcedureKit */,
				11AABCAA277DC43E0050DF79 /* ProcedureKitNetwork */,
				11BD64C62781A04000D8C9E8 /* Alamofire */,
				11BD64D42781CBAB00D8C9E8 /* Reusable */,
			);
			productName = ProcedureDemo;
			productReference = 11AABC90277DBA070050DF79 /* ProcedureDemo.app */;
			productType = "com.apple.product-type.application";
		};
/* End PBXNativeTarget section */

/* Begin PBXProject section */
		11AABC88277DBA070050DF79 /* Project object */ = {
			isa = PBXProject;
			attributes = {
				BuildIndependentTargetsInParallel = 1;
				LastSwiftUpdateCheck = 1320;
				LastUpgradeCheck = 1320;
				TargetAttributes = {
					11AABC8F277DBA070050DF79 = {
						CreatedOnToolsVersion = 13.2.1;
					};
				};
			};
			buildConfigurationList = 11AABC8B277DBA070050DF79 /* Build configuration list for PBXProject "ProcedureDemo" */;
			compatibilityVersion = "Xcode 13.0";
			developmentRegion = en;
			hasScannedForEncodings = 0;
			knownRegions = (
				en,
				Base,
			);
			mainGroup = 11AABC87277DBA070050DF79;
			packageReferences = (
				11AABCA7277DC43E0050DF79 /* XCRemoteSwiftPackageReference "ProcedureKit" */,
				11BD64C52781A04000D8C9E8 /* XCRemoteSwiftPackageReference "Alamofire" */,
				11BD64D32781CBAB00D8C9E8 /* XCRemoteSwiftPackageReference "Reusable" */,
			);
			productRefGroup = 11AABC91277DBA070050DF79 /* Products */;
			projectDirPath = "";
			projectRoot = "";
			targets = (
				11AABC8F277DBA070050DF79 /* ProcedureDemo */,
			);
		};
/* End PBXProject section */

/* Begin PBXResourcesBuildPhase section */
		11AABC8E277DBA070050DF79 /* Resources */ = {
			isa = PBXResourcesBuildPhase;
			buildActionMask = 2147483647;
			files = (
				11BD64E32781D6C300D8C9E8 /* CountryTableViewCell.xib in Resources */,
				11AABCA0277DBA0A0050DF79 /* LaunchScreen.storyboard in Resources */,
				11AABC9D277DBA0A0050DF79 /* Assets.xcassets in Resources */,
				11BD64BF27819D5400D8C9E8 /* CountriesViewController.xib in Resources */,
				119C7BAC278205380000630F /* CityTableViewCell.xib in Resources */,
				119C7B9E2781FC8E0000630F /* CitiesViewController.xib in Resources */,
			);
			runOnlyForDeploymentPostprocessing = 0;
		};
/* End PBXResourcesBuildPhase section */

/* Begin PBXSourcesBuildPhase section */
		11AABC8C277DBA070050DF79 /* Sources */ = {
			isa = PBXSourcesBuildPhase;
			buildActionMask = 2147483647;
			files = (
				119C7B972781FBA40000630F /* CitiesProcedureGroup.swift in Sources */,
				119C7B9D2781FC8E0000630F /* CitiesViewController.swift in Sources */,
				119C7B9A2781FBEF0000630F /* StateProcedure.swift in Sources */,
				11BD64CE2781C48600D8C9E8 /* Country.swift in Sources */,
				11BD64CC2781AE6000D8C9E8 /* CountriesProcedure.swift in Sources */,
				11BD64D72781CCB500D8C9E8 /* CountryViewModel.swift in Sources */,
				119C7B932781FA7C0000630F /* State.swift in Sources */,
				11BD64E52781DC1300D8C9E8 /* UIViewController + Alert.swift in Sources */,
				119C7B8F2781EFF60000630F /* StateFactory.swift in Sources */,
				11BD64C92781A7FE00D8C9E8 /* AuthProcedure.swift in Sources */,
				119C7BAB278205380000630F /* CityTableViewCell.swift in Sources */,
				119C7BA12781FD820000630F /* CitiesViewModel.swift in Sources */,
				11BD64E82781E02E00D8C9E8 /* CitiesProcedure.swift in Sources */,
				119C7B912781F1250000630F /* CityFactory.swift in Sources */,
				11AABC94277DBA070050DF79 /* AppDelegate.swift in Sources */,
				11BD64BE27819D5400D8C9E8 /* CountriesViewController.swift in Sources */,
				11BD64E22781D6C300D8C9E8 /* CountryTableViewCell.swift in Sources */,
				11BD64D92781CEDE00D8C9E8 /* Coordinator.swift in Sources */,
				11BD64C32781A01000D8C9E8 /* NetworkService.swift in Sources */,
				11AABC96277DBA070050DF79 /* SceneDelegate.swift in Sources */,
				119C7B952781FAC80000630F /* City.swift in Sources */,
				11BD64D12781C55900D8C9E8 /* CountryFactory.swift in Sources */,
			);
			runOnlyForDeploymentPostprocessing = 0;
		};
/* End PBXSourcesBuildPhase section */

/* Begin PBXVariantGroup section */
		11AABC9E277DBA0A0050DF79 /* LaunchScreen.storyboard */ = {
			isa = PBXVariantGroup;
			children = (
				11AABC9F277DBA0A0050DF79 /* Base */,
			);
			name = LaunchScreen.storyboard;
			sourceTree = "<group>";
		};
/* End PBXVariantGroup section */

/* Begin XCBuildConfiguration section */
		11AABCA2277DBA0A0050DF79 /* Debug */ = {
			isa = XCBuildConfiguration;
			buildSettings = {
				ALWAYS_SEARCH_USER_PATHS = NO;
				CLANG_ANALYZER_NONNULL = YES;
				CLANG_ANALYZER_NUMBER_OBJECT_CONVERSION = YES_AGGRESSIVE;
				CLANG_CXX_LANGUAGE_STANDARD = "gnu++17";
				CLANG_CXX_LIBRARY = "libc++";
				CLANG_ENABLE_MODULES = YES;
				CLANG_ENABLE_OBJC_ARC = YES;
				CLANG_ENABLE_OBJC_WEAK = YES;
				CLANG_WARN_BLOCK_CAPTURE_AUTORELEASING = YES;
				CLANG_WARN_BOOL_CONVERSION = YES;
				CLANG_WARN_COMMA = YES;
				CLANG_WARN_CONSTANT_CONVERSION = YES;
				CLANG_WARN_DEPRECATED_OBJC_IMPLEMENTATIONS = YES;
				CLANG_WARN_DIRECT_OBJC_ISA_USAGE = YES_ERROR;
				CLANG_WARN_DOCUMENTATION_COMMENTS = YES;
				CLANG_WARN_EMPTY_BODY = YES;
				CLANG_WARN_ENUM_CONVERSION = YES;
				CLANG_WARN_INFINITE_RECURSION = YES;
				CLANG_WARN_INT_CONVERSION = YES;
				CLANG_WARN_NON_LITERAL_NULL_CONVERSION = YES;
				CLANG_WARN_OBJC_IMPLICIT_RETAIN_SELF = YES;
				CLANG_WARN_OBJC_LITERAL_CONVERSION = YES;
				CLANG_WARN_OBJC_ROOT_CLASS = YES_ERROR;
				CLANG_WARN_QUOTED_INCLUDE_IN_FRAMEWORK_HEADER = YES;
				CLANG_WARN_RANGE_LOOP_ANALYSIS = YES;
				CLANG_WARN_STRICT_PROTOTYPES = YES;
				CLANG_WARN_SUSPICIOUS_MOVE = YES;
				CLANG_WARN_UNGUARDED_AVAILABILITY = YES_AGGRESSIVE;
				CLANG_WARN_UNREACHABLE_CODE = YES;
				CLANG_WARN__DUPLICATE_METHOD_MATCH = YES;
				COPY_PHASE_STRIP = NO;
				DEBUG_INFORMATION_FORMAT = dwarf;
				ENABLE_STRICT_OBJC_MSGSEND = YES;
				ENABLE_TESTABILITY = YES;
				GCC_C_LANGUAGE_STANDARD = gnu11;
				GCC_DYNAMIC_NO_PIC = NO;
				GCC_NO_COMMON_BLOCKS = YES;
				GCC_OPTIMIZATION_LEVEL = 0;
				GCC_PREPROCESSOR_DEFINITIONS = (
					"DEBUG=1",
					"$(inherited)",
				);
				GCC_WARN_64_TO_32_BIT_CONVERSION = YES;
				GCC_WARN_ABOUT_RETURN_TYPE = YES_ERROR;
				GCC_WARN_UNDECLARED_SELECTOR = YES;
				GCC_WARN_UNINITIALIZED_AUTOS = YES_AGGRESSIVE;
				GCC_WARN_UNUSED_FUNCTION = YES;
				GCC_WARN_UNUSED_VARIABLE = YES;
				IPHONEOS_DEPLOYMENT_TARGET = 15.2;
				MTL_ENABLE_DEBUG_INFO = INCLUDE_SOURCE;
				MTL_FAST_MATH = YES;
				ONLY_ACTIVE_ARCH = YES;
				SDKROOT = iphoneos;
				SWIFT_ACTIVE_COMPILATION_CONDITIONS = DEBUG;
				SWIFT_OPTIMIZATION_LEVEL = "-Onone";
			};
			name = Debug;
		};
		11AABCA3277DBA0A0050DF79 /* Release */ = {
			isa = XCBuildConfiguration;
			buildSettings = {
				ALWAYS_SEARCH_USER_PATHS = NO;
				CLANG_ANALYZER_NONNULL = YES;
				CLANG_ANALYZER_NUMBER_OBJECT_CONVERSION = YES_AGGRESSIVE;
				CLANG_CXX_LANGUAGE_STANDARD = "gnu++17";
				CLANG_CXX_LIBRARY = "libc++";
				CLANG_ENABLE_MODULES = YES;
				CLANG_ENABLE_OBJC_ARC = YES;
				CLANG_ENABLE_OBJC_WEAK = YES;
				CLANG_WARN_BLOCK_CAPTURE_AUTORELEASING = YES;
				CLANG_WARN_BOOL_CONVERSION = YES;
				CLANG_WARN_COMMA = YES;
				CLANG_WARN_CONSTANT_CONVERSION = YES;
				CLANG_WARN_DEPRECATED_OBJC_IMPLEMENTATIONS = YES;
				CLANG_WARN_DIRECT_OBJC_ISA_USAGE = YES_ERROR;
				CLANG_WARN_DOCUMENTATION_COMMENTS = YES;
				CLANG_WARN_EMPTY_BODY = YES;
				CLANG_WARN_ENUM_CONVERSION = YES;
				CLANG_WARN_INFINITE_RECURSION = YES;
				CLANG_WARN_INT_CONVERSION = YES;
				CLANG_WARN_NON_LITERAL_NULL_CONVERSION = YES;
				CLANG_WARN_OBJC_IMPLICIT_RETAIN_SELF = YES;
				CLANG_WARN_OBJC_LITERAL_CONVERSION = YES;
				CLANG_WARN_OBJC_ROOT_CLASS = YES_ERROR;
				CLANG_WARN_QUOTED_INCLUDE_IN_FRAMEWORK_HEADER = YES;
				CLANG_WARN_RANGE_LOOP_ANALYSIS = YES;
				CLANG_WARN_STRICT_PROTOTYPES = YES;
				CLANG_WARN_SUSPICIOUS_MOVE = YES;
				CLANG_WARN_UNGUARDED_AVAILABILITY = YES_AGGRESSIVE;
				CLANG_WARN_UNREACHABLE_CODE = YES;
				CLANG_WARN__DUPLICATE_METHOD_MATCH = YES;
				COPY_PHASE_STRIP = NO;
				DEBUG_INFORMATION_FORMAT = "dwarf-with-dsym";
				ENABLE_NS_ASSERTIONS = NO;
				ENABLE_STRICT_OBJC_MSGSEND = YES;
				GCC_C_LANGUAGE_STANDARD = gnu11;
				GCC_NO_COMMON_BLOCKS = YES;
				GCC_WARN_64_TO_32_BIT_CONVERSION = YES;
				GCC_WARN_ABOUT_RETURN_TYPE = YES_ERROR;
				GCC_WARN_UNDECLARED_SELECTOR = YES;
				GCC_WARN_UNINITIALIZED_AUTOS = YES_AGGRESSIVE;
				GCC_WARN_UNUSED_FUNCTION = YES;
				GCC_WARN_UNUSED_VARIABLE = YES;
				IPHONEOS_DEPLOYMENT_TARGET = 15.2;
				MTL_ENABLE_DEBUG_INFO = NO;
				MTL_FAST_MATH = YES;
				SDKROOT = iphoneos;
				SWIFT_COMPILATION_MODE = wholemodule;
				SWIFT_OPTIMIZATION_LEVEL = "-O";
				VALIDATE_PRODUCT = YES;
			};
			name = Release;
		};
		11AABCA5277DBA0A0050DF79 /* Debug */ = {
			isa = XCBuildConfiguration;
			buildSettings = {
				ASSETCATALOG_COMPILER_APPICON_NAME = AppIcon;
				ASSETCATALOG_COMPILER_GLOBAL_ACCENT_COLOR_NAME = AccentColor;
				CODE_SIGN_STYLE = Automatic;
				CURRENT_PROJECT_VERSION = 1;
				DEVELOPMENT_TEAM = 2ADUH9ZZXY;
				GENERATE_INFOPLIST_FILE = YES;
				INFOPLIST_FILE = ProcedureDemo/Info.plist;
				INFOPLIST_KEY_UIApplicationSupportsIndirectInputEvents = YES;
				INFOPLIST_KEY_UILaunchStoryboardName = LaunchScreen;
				INFOPLIST_KEY_UISupportedInterfaceOrientations_iPad = "UIInterfaceOrientationPortrait UIInterfaceOrientationPortraitUpsideDown UIInterfaceOrientationLandscapeLeft UIInterfaceOrientationLandscapeRight";
				INFOPLIST_KEY_UISupportedInterfaceOrientations_iPhone = "UIInterfaceOrientationPortrait UIInterfaceOrientationLandscapeLeft UIInterfaceOrientationLandscapeRight";
				LD_RUNPATH_SEARCH_PATHS = (
					"$(inherited)",
					"@executable_path/Frameworks",
				);
				MARKETING_VERSION = 1.0;
				PRODUCT_BUNDLE_IDENTIFIER = daniel.ProcedureDemo;
				PRODUCT_NAME = "$(TARGET_NAME)";
				SWIFT_EMIT_LOC_STRINGS = YES;
				SWIFT_VERSION = 5.0;
				TARGETED_DEVICE_FAMILY = "1,2";
			};
			name = Debug;
		};
		11AABCA6277DBA0A0050DF79 /* Release */ = {
			isa = XCBuildConfiguration;
			buildSettings = {
				ASSETCATALOG_COMPILER_APPICON_NAME = AppIcon;
				ASSETCATALOG_COMPILER_GLOBAL_ACCENT_COLOR_NAME = AccentColor;
				CODE_SIGN_STYLE = Automatic;
				CURRENT_PROJECT_VERSION = 1;
				DEVELOPMENT_TEAM = 2ADUH9ZZXY;
				GENERATE_INFOPLIST_FILE = YES;
				INFOPLIST_FILE = ProcedureDemo/Info.plist;
				INFOPLIST_KEY_UIApplicationSupportsIndirectInputEvents = YES;
				INFOPLIST_KEY_UILaunchStoryboardName = LaunchScreen;
				INFOPLIST_KEY_UISupportedInterfaceOrientations_iPad = "UIInterfaceOrientationPortrait UIInterfaceOrientationPortraitUpsideDown UIInterfaceOrientationLandscapeLeft UIInterfaceOrientationLandscapeRight";
				INFOPLIST_KEY_UISupportedInterfaceOrientations_iPhone = "UIInterfaceOrientationPortrait UIInterfaceOrientationLandscapeLeft UIInterfaceOrientationLandscapeRight";
				LD_RUNPATH_SEARCH_PATHS = (
					"$(inherited)",
					"@executable_path/Frameworks",
				);
				MARKETING_VERSION = 1.0;
				PRODUCT_BUNDLE_IDENTIFIER = daniel.ProcedureDemo;
				PRODUCT_NAME = "$(TARGET_NAME)";
				SWIFT_EMIT_LOC_STRINGS = YES;
				SWIFT_VERSION = 5.0;
				TARGETED_DEVICE_FAMILY = "1,2";
			};
			name = Release;
		};
/* End XCBuildConfiguration section */

/* Begin XCConfigurationList section */
		11AABC8B277DBA070050DF79 /* Build configuration list for PBXProject "ProcedureDemo" */ = {
			isa = XCConfigurationList;
			buildConfigurations = (
				11AABCA2277DBA0A0050DF79 /* Debug */,
				11AABCA3277DBA0A0050DF79 /* Release */,
			);
			defaultConfigurationIsVisible = 0;
			defaultConfigurationName = Release;
		};
		11AABCA4277DBA0A0050DF79 /* Build configuration list for PBXNativeTarget "ProcedureDemo" */ = {
			isa = XCConfigurationList;
			buildConfigurations = (
				11AABCA5277DBA0A0050DF79 /* Debug */,
				11AABCA6277DBA0A0050DF79 /* Release */,
			);
			defaultConfigurationIsVisible = 0;
			defaultConfigurationName = Release;
		};
/* End XCConfigurationList section */

/* Begin XCRemoteSwiftPackageReference section */
		11AABCA7277DC43E0050DF79 /* XCRemoteSwiftPackageReference "ProcedureKit" */ = {
			isa = XCRemoteSwiftPackageReference;
			repositoryURL = "https://github.com/ProcedureKit/ProcedureKit.git";
			requirement = {
				kind = upToNextMajorVersion;
				minimumVersion = 5.0.0;
			};
		};
		11BD64C52781A04000D8C9E8 /* XCRemoteSwiftPackageReference "Alamofire" */ = {
			isa = XCRemoteSwiftPackageReference;
			repositoryURL = "https://github.com/Alamofire/Alamofire";
			requirement = {
				kind = upToNextMajorVersion;
				minimumVersion = 5.0.0;
			};
		};
		11BD64D32781CBAB00D8C9E8 /* XCRemoteSwiftPackageReference "Reusable" */ = {
			isa = XCRemoteSwiftPackageReference;
			repositoryURL = "https://github.com/AliSoftware/Reusable.git";
			requirement = {
				kind = upToNextMajorVersion;
				minimumVersion = 4.0.0;
			};
		};
/* End XCRemoteSwiftPackageReference section */

/* Begin XCSwiftPackageProductDependency section */
		11AABCA8277DC43E0050DF79 /* ProcedureKit */ = {
			isa = XCSwiftPackageProductDependency;
			package = 11AABCA7277DC43E0050DF79 /* XCRemoteSwiftPackageReference "ProcedureKit" */;
			productName = ProcedureKit;
		};
		11AABCAA277DC43E0050DF79 /* ProcedureKitNetwork */ = {
			isa = XCSwiftPackageProductDependency;
			package = 11AABCA7277DC43E0050DF79 /* XCRemoteSwiftPackageReference "ProcedureKit" */;
			productName = ProcedureKitNetwork;
		};
		11BD64C62781A04000D8C9E8 /* Alamofire */ = {
			isa = XCSwiftPackageProductDependency;
			package = 11BD64C52781A04000D8C9E8 /* XCRemoteSwiftPackageReference "Alamofire" */;
			productName = Alamofire;
		};
		11BD64D42781CBAB00D8C9E8 /* Reusable */ = {
			isa = XCSwiftPackageProductDependency;
			package = 11BD64D32781CBAB00D8C9E8 /* XCRemoteSwiftPackageReference "Reusable" */;
			productName = Reusable;
		};
/* End XCSwiftPackageProductDependency section */
	};
	rootObject = 11AABC88277DBA070050DF79 /* Project object */;
}
